
Microsoft Visual Studio Solution File, Format Version 12.00
# Visual Studio Version 17
VisualStudioVersion = 17.12.35707.178
MinimumVisualStudioVersion = 10.0.40219.1
Project("{2150E333-8FDC-42A3-9474-1A3956D46DE8}") = "Source", "Source", "{0B55F6C0-B4A7-457E-8BCE-4DBBC748A353}"
EndProject
Project("{2150E333-8FDC-42A3-9474-1A3956D46DE8}") = "Core", "Core", "{15E64E8E-88E1-4EA5-BDFC-87568E92C528}"
EndProject
Project("{2150E333-8FDC-42A3-9474-1A3956D46DE8}") = "Infraestructure", "Infraestructure", "{34DEAC09-A3C1-43E6-AC13-FBFEF70D9163}"
EndProject
Project("{2150E333-8FDC-42A3-9474-1A3956D46DE8}") = "Presentation", "Presentation", "{7EB48B7D-4C52-4D06-9D6F-22EEF3850DFB}"
EndProject
Project("{FAE04EC0-301F-11D3-BF4B-00C04F79EFBC}") = "MetroDigital.Presentation.WebApp", "MetroDigital.Presentation.WebApp\MetroDigital.Presentation.WebApp.csproj", "{691E9775-1D26-4F06-8C78-08934BC7C323}"
EndProject
Project("{2150E333-8FDC-42A3-9474-1A3956D46DE8}") = "Application", "Application", "{8A12E32D-F34D-49BA-90A1-A5A8B87B05BF}"
EndProject
Project("{2150E333-8FDC-42A3-9474-1A3956D46DE8}") = "Identity", "Identity", "{F70D266E-0331-4BD7-902E-1A75C37B0666}"
EndProject
Project("{2150E333-8FDC-42A3-9474-1A3956D46DE8}") = "Persistance", "Persistance", "{E85D5A35-7837-498D-ADFC-E4C709DA807B}"
EndProject
Project("{2150E333-8FDC-42A3-9474-1A3956D46DE8}") = "Shared", "Shared", "{1EAED591-13D5-4C94-8E91-930721E52BD4}"
EndProject
Project("{2150E333-8FDC-42A3-9474-1A3956D46DE8}") = "Domain", "Domain", "{3BA7A550-48D6-4F34-A70F-08AEA3DD00CE}"
EndProject
Project("{FAE04EC0-301F-11D3-BF4B-00C04F79EFBC}") = "MetroDigital.Application", "MetroDigital.Application\MetroDigital.Application.csproj", "{152CAF7E-6922-4302-90D3-58348609B465}"
EndProject
Project("{FAE04EC0-301F-11D3-BF4B-00C04F79EFBC}") = "MetroDigital.Infraestructure.Identity", "MetroDigital.Infraestructure.Identity\MetroDigital.Infraestructure.Identity.csproj", "{7831220E-C4B4-468F-9DF4-046F82DF8402}"
EndProject
Project("{FAE04EC0-301F-11D3-BF4B-00C04F79EFBC}") = "MetroDigital.Infrastructure.Shared", "MetroDigital.Infrastructure.Shared\MetroDigital.Infrastructure.Shared.csproj", "{2FAA574C-6740-4D14-85A1-6BAA2119112A}"
EndProject
Project("{FAE04EC0-301F-11D3-BF4B-00C04F79EFBC}") = "MetroDigital.Infrastructure.Persistance", "MetroDigital.Infrastructure.Persistance\MetroDigital.Infrastructure.Persistance.csproj", "{634ED454-C3C8-4F58-BDE3-0D535AFB8A5D}"
EndProject
Project("{FAE04EC0-301F-11D3-BF4B-00C04F79EFBC}") = "MetroDigital.Domain", "MetroDigital.Domain\MetroDigital.Domain.csproj", "{E7DD30E2-1495-44F6-9EF0-DA108E917A67}"
EndProject
Global
	GlobalSection(SolutionConfigurationPlatforms) = preSolution
		Debug|Any CPU = Debug|Any CPU
		Release|Any CPU = Release|Any CPU
	EndGlobalSection
	GlobalSection(ProjectConfigurationPlatforms) = postSolution
		{691E9775-1D26-4F06-8C78-08934BC7C323}.Debug|Any CPU.ActiveCfg = Debug|Any CPU
		{691E9775-1D26-4F06-8C78-08934BC7C323}.Debug|Any CPU.Build.0 = Debug|Any CPU
		{691E9775-1D26-4F06-8C78-08934BC7C323}.Release|Any CPU.ActiveCfg = Release|Any CPU
		{691E9775-1D26-4F06-8C78-08934BC7C323}.Release|Any CPU.Build.0 = Release|Any CPU
		{152CAF7E-6922-4302-90D3-58348609B465}.Debug|Any CPU.ActiveCfg = Debug|Any CPU
		{152CAF7E-6922-4302-90D3-58348609B465}.Debug|Any CPU.Build.0 = Debug|Any CPU
		{152CAF7E-6922-4302-90D3-58348609B465}.Release|Any CPU.ActiveCfg = Release|Any CPU
		{152CAF7E-6922-4302-90D3-58348609B465}.Release|Any CPU.Build.0 = Release|Any CPU
		{7831220E-C4B4-468F-9DF4-046F82DF8402}.Debug|Any CPU.ActiveCfg = Debug|Any CPU
		{7831220E-C4B4-468F-9DF4-046F82DF8402}.Debug|Any CPU.Build.0 = Debug|Any CPU
		{7831220E-C4B4-468F-9DF4-046F82DF8402}.Release|Any CPU.ActiveCfg = Release|Any CPU
		{7831220E-C4B4-468F-9DF4-046F82DF8402}.Release|Any CPU.Build.0 = Release|Any CPU
		{2FAA574C-6740-4D14-85A1-6BAA2119112A}.Debug|Any CPU.ActiveCfg = Debug|Any CPU
		{2FAA574C-6740-4D14-85A1-6BAA2119112A}.Debug|Any CPU.Build.0 = Debug|Any CPU
		{2FAA574C-6740-4D14-85A1-6BAA2119112A}.Release|Any CPU.ActiveCfg = Release|Any CPU
		{2FAA574C-6740-4D14-85A1-6BAA2119112A}.Release|Any CPU.Build.0 = Release|Any CPU
		{634ED454-C3C8-4F58-BDE3-0D535AFB8A5D}.Debug|Any CPU.ActiveCfg = Debug|Any CPU
		{634ED454-C3C8-4F58-BDE3-0D535AFB8A5D}.Debug|Any CPU.Build.0 = Debug|Any CPU
		{634ED454-C3C8-4F58-BDE3-0D535AFB8A5D}.Release|Any CPU.ActiveCfg = Release|Any CPU
		{634ED454-C3C8-4F58-BDE3-0D535AFB8A5D}.Release|Any CPU.Build.0 = Release|Any CPU
		{E7DD30E2-1495-44F6-9EF0-DA108E917A67}.Debug|Any CPU.ActiveCfg = Debug|Any CPU
		{E7DD30E2-1495-44F6-9EF0-DA108E917A67}.Debug|Any CPU.Build.0 = Debug|Any CPU
		{E7DD30E2-1495-44F6-9EF0-DA108E917A67}.Release|Any CPU.ActiveCfg = Release|Any CPU
		{E7DD30E2-1495-44F6-9EF0-DA108E917A67}.Release|Any CPU.Build.0 = Release|Any CPU
	EndGlobalSection
	GlobalSection(SolutionProperties) = preSolution
		HideSolutionNode = FALSE
	EndGlobalSection
	GlobalSection(NestedProjects) = preSolution
		{15E64E8E-88E1-4EA5-BDFC-87568E92C528} = {0B55F6C0-B4A7-457E-8BCE-4DBBC748A353}
		{34DEAC09-A3C1-43E6-AC13-FBFEF70D9163} = {0B55F6C0-B4A7-457E-8BCE-4DBBC748A353}
		{7EB48B7D-4C52-4D06-9D6F-22EEF3850DFB} = {0B55F6C0-B4A7-457E-8BCE-4DBBC748A353}
		{691E9775-1D26-4F06-8C78-08934BC7C323} = {7EB48B7D-4C52-4D06-9D6F-22EEF3850DFB}
		{8A12E32D-F34D-49BA-90A1-A5A8B87B05BF} = {15E64E8E-88E1-4EA5-BDFC-87568E92C528}
		{F70D266E-0331-4BD7-902E-1A75C37B0666} = {34DEAC09-A3C1-43E6-AC13-FBFEF70D9163}
		{E85D5A35-7837-498D-ADFC-E4C709DA807B} = {34DEAC09-A3C1-43E6-AC13-FBFEF70D9163}
		{1EAED591-13D5-4C94-8E91-930721E52BD4} = {34DEAC09-A3C1-43E6-AC13-FBFEF70D9163}
		{3BA7A550-48D6-4F34-A70F-08AEA3DD00CE} = {15E64E8E-88E1-4EA5-BDFC-87568E92C528}
		{152CAF7E-6922-4302-90D3-58348609B465} = {8A12E32D-F34D-49BA-90A1-A5A8B87B05BF}
		{7831220E-C4B4-468F-9DF4-046F82DF8402} = {F70D266E-0331-4BD7-902E-1A75C37B0666}
		{2FAA574C-6740-4D14-85A1-6BAA2119112A} = {1EAED591-13D5-4C94-8E91-930721E52BD4}
		{634ED454-C3C8-4F58-BDE3-0D535AFB8A5D} = {E85D5A35-7837-498D-ADFC-E4C709DA807B}
		{E7DD30E2-1495-44F6-9EF0-DA108E917A67} = {3BA7A550-48D6-4F34-A70F-08AEA3DD00CE}
	EndGlobalSection
EndGlobal
